// !$*UTF8*$!
{
	archiveVersion = 1;
	classes = {
	};
	objectVersion = 56;
	objects = {

/* Begin PBXBuildFile section */
		63C875A92A812E110089A5A2 /* I_Am_RichApp.swift in Sources */ = {isa = PBXBuildFile; fileRef = 63C875A82A812E110089A5A2 /* I_Am_RichApp.swift */; };
		63C875AB2A812E110089A5A2 /* ContentView.swift in Sources */ = {isa = PBXBuildFile; fileRef = 63C875AA2A812E110089A5A2 /* ContentView.swift */; };
		63C875AD2A812E120089A5A2 /* Assets.xcassets in Resources */ = {isa = PBXBuildFile; fileRef = 63C875AC2A812E120089A5A2 /* Assets.xcassets */; };
		63C875B02A812E120089A5A2 /* Preview Assets.xcassets in Resources */ = {isa = PBXBuildFile; fileRef = 63C875AF2A812E120089A5A2 /* Preview Assets.xcassets */; };
		63C875BC2A81593B0089A5A2 /* InfoView.swift in Sources */ = {isa = PBXBuildFile; fileRef = 63C875BB2A81593B0089A5A2 /* InfoView.swift */; };
		63D8FB152A81876500BCD60C /* RandomDice.swift in Sources */ = {isa = PBXBuildFile; fileRef = 63D8FB142A81876500BCD60C /* RandomDice.swift */; };
		63D8FB172A81896C00BCD60C /* NewsView.swift in Sources */ = {isa = PBXBuildFile; fileRef = 63D8FB162A81896C00BCD60C /* NewsView.swift */; };
		63D8FB1A2A818C0E00BCD60C /* NetworkManager.swift in Sources */ = {isa = PBXBuildFile; fileRef = 63D8FB192A818C0E00BCD60C /* NetworkManager.swift */; };
		63D8FB1C2A818DCB00BCD60C /* PostData.swift in Sources */ = {isa = PBXBuildFile; fileRef = 63D8FB1B2A818DCB00BCD60C /* PostData.swift */; };
		63D8FB1E2A81B0AA00BCD60C /* keys.plist in Resources */ = {isa = PBXBuildFile; fileRef = 63D8FB1D2A81B0AA00BCD60C /* keys.plist */; };
		63D8FB212A81B33C00BCD60C /* DetailView.swift in Sources */ = {isa = PBXBuildFile; fileRef = 63D8FB202A81B33C00BCD60C /* DetailView.swift */; };
		63D8FB232A81B78100BCD60C /* WebView.swift in Sources */ = {isa = PBXBuildFile; fileRef = 63D8FB222A81B78100BCD60C /* WebView.swift */; };
		63D8FB262A828D6700BCD60C /* KeyManager.swift in Sources */ = {isa = PBXBuildFile; fileRef = 63D8FB252A828D6700BCD60C /* KeyManager.swift */; };
/* End PBXBuildFile section */

/* Begin PBXFileReference section */
		63C875A52A812E110089A5A2 /* I Am Rich.app */ = {isa = PBXFileReference; explicitFileType = wrapper.application; includeInIndex = 0; path = "I Am Rich.app"; sourceTree = BUILT_PRODUCTS_DIR; };
		63C875A82A812E110089A5A2 /* I_Am_RichApp.swift */ = {isa = PBXFileReference; lastKnownFileType = sourcecode.swift; path = I_Am_RichApp.swift; sourceTree = "<group>"; };
		63C875AA2A812E110089A5A2 /* ContentView.swift */ = {isa = PBXFileReference; lastKnownFileType = sourcecode.swift; path = ContentView.swift; sourceTree = "<group>"; };
		63C875AC2A812E120089A5A2 /* Assets.xcassets */ = {isa = PBXFileReference; lastKnownFileType = folder.assetcatalog; path = Assets.xcassets; sourceTree = "<group>"; };
		63C875AF2A812E120089A5A2 /* Preview Assets.xcassets */ = {isa = PBXFileReference; lastKnownFileType = folder.assetcatalog; path = "Preview Assets.xcassets"; sourceTree = "<group>"; };
		63C875BB2A81593B0089A5A2 /* InfoView.swift */ = {isa = PBXFileReference; lastKnownFileType = sourcecode.swift; path = InfoView.swift; sourceTree = "<group>"; };
		63D8FB142A81876500BCD60C /* RandomDice.swift */ = {isa = PBXFileReference; lastKnownFileType = sourcecode.swift; path = RandomDice.swift; sourceTree = "<group>"; };
		63D8FB162A81896C00BCD60C /* NewsView.swift */ = {isa = PBXFileReference; lastKnownFileType = sourcecode.swift; path = NewsView.swift; sourceTree = "<group>"; };
		63D8FB192A818C0E00BCD60C /* NetworkManager.swift */ = {isa = PBXFileReference; lastKnownFileType = sourcecode.swift; path = NetworkManager.swift; sourceTree = "<group>"; };
		63D8FB1B2A818DCB00BCD60C /* PostData.swift */ = {isa = PBXFileReference; lastKnownFileType = sourcecode.swift; path = PostData.swift; sourceTree = "<group>"; };
		63D8FB1D2A81B0AA00BCD60C /* keys.plist */ = {isa = PBXFileReference; lastKnownFileType = text.plist.xml; path = keys.plist; sourceTree = "<group>"; };
		63D8FB202A81B33C00BCD60C /* DetailView.swift */ = {isa = PBXFileReference; lastKnownFileType = sourcecode.swift; path = DetailView.swift; sourceTree = "<group>"; };
		63D8FB222A81B78100BCD60C /* WebView.swift */ = {isa = PBXFileReference; lastKnownFileType = sourcecode.swift; path = WebView.swift; sourceTree = "<group>"; };
		63D8FB252A828D6700BCD60C /* KeyManager.swift */ = {isa = PBXFileReference; lastKnownFileType = sourcecode.swift; path = KeyManager.swift; sourceTree = "<group>"; };
/* End PBXFileReference section */

/* Begin PBXFrameworksBuildPhase section */
		63C875A22A812E110089A5A2 /* Frameworks */ = {
			isa = PBXFrameworksBuildPhase;
			buildActionMask = 2147483647;
			files = (
			);
			runOnlyForDeploymentPostprocessing = 0;
		};
/* End PBXFrameworksBuildPhase section */

/* Begin PBXGroup section */
		63C8759C2A812E110089A5A2 = {
			isa = PBXGroup;
			children = (
				63C875A72A812E110089A5A2 /* I Am Rich */,
				63C875A62A812E110089A5A2 /* Products */,
			);
			sourceTree = "<group>";
		};
		63C875A62A812E110089A5A2 /* Products */ = {
			isa = PBXGroup;
			children = (
				63C875A52A812E110089A5A2 /* I Am Rich.app */,
			);
			name = Products;
			sourceTree = "<group>";
		};
		63C875A72A812E110089A5A2 /* I Am Rich */ = {
			isa = PBXGroup;
			children = (
				63D8FB242A828D4300BCD60C /* Utils */,
				63D8FB1F2A81B32C00BCD60C /* Views */,
				63D8FB182A818BE600BCD60C /* Models */,
				63C875A82A812E110089A5A2 /* I_Am_RichApp.swift */,
				63C875AA2A812E110089A5A2 /* ContentView.swift */,
				63C875AC2A812E120089A5A2 /* Assets.xcassets */,
				63C875AE2A812E120089A5A2 /* Preview Content */,
				63C875BB2A81593B0089A5A2 /* InfoView.swift */,
				63D8FB142A81876500BCD60C /* RandomDice.swift */,
				63D8FB162A81896C00BCD60C /* NewsView.swift */,
				63D8FB1D2A81B0AA00BCD60C /* keys.plist */,
			);
			path = "I Am Rich";
			sourceTree = "<group>";
		};
		63C875AE2A812E120089A5A2 /* Preview Content */ = {
			isa = PBXGroup;
			children = (
				63C875AF2A812E120089A5A2 /* Preview Assets.xcassets */,
			);
			path = "Preview Content";
			sourceTree = "<group>";
		};
		63D8FB182A818BE600BCD60C /* Models */ = {
			isa = PBXGroup;
			children = (
				63D8FB192A818C0E00BCD60C /* NetworkManager.swift */,
				63D8FB1B2A818DCB00BCD60C /* PostData.swift */,
			);
			path = Models;
			sourceTree = "<group>";
		};
		63D8FB1F2A81B32C00BCD60C /* Views */ = {
			isa = PBXGroup;
			children = (
				63D8FB202A81B33C00BCD60C /* DetailView.swift */,
				63D8FB222A81B78100BCD60C /* WebView.swift */,
			);
			path = Views;
			sourceTree = "<group>";
		};
		63D8FB242A828D4300BCD60C /* Utils */ = {
			isa = PBXGroup;
			children = (
				63D8FB252A828D6700BCD60C /* KeyManager.swift */,
			);
			path = Utils;
			sourceTree = "<group>";
		};
/* End PBXGroup section */

/* Begin PBXNativeTarget section */
		63C875A42A812E110089A5A2 /* I Am Rich */ = {
			isa = PBXNativeTarget;
			buildConfigurationList = 63C875B32A812E120089A5A2 /* Build configuration list for PBXNativeTarget "I Am Rich" */;
			buildPhases = (
				63C875A12A812E110089A5A2 /* Sources */,
				63C875A22A812E110089A5A2 /* Frameworks */,
				63C875A32A812E110089A5A2 /* Resources */,
			);
			buildRules = (
			);
			dependencies = (
			);
			name = "I Am Rich";
			productName = "I Am Rich";
			productReference = 63C875A52A812E110089A5A2 /* I Am Rich.app */;
			productType = "com.apple.product-type.application";
		};
/* End PBXNativeTarget section */

/* Begin PBXProject section */
		63C8759D2A812E110089A5A2 /* Project object */ = {
			isa = PBXProject;
			attributes = {
				BuildIndependentTargetsInParallel = 1;
				LastSwiftUpdateCheck = 1420;
				LastUpgradeCheck = 1420;
				TargetAttributes = {
					63C875A42A812E110089A5A2 = {
						CreatedOnToolsVersion = 14.2;
					};
				};
			};
			buildConfigurationList = 63C875A02A812E110089A5A2 /* Build configuration list for PBXProject "I Am Rich" */;
			compatibilityVersion = "Xcode 14.0";
			developmentRegion = en;
			hasScannedForEncodings = 0;
			knownRegions = (
				en,
				Base,
			);
			mainGroup = 63C8759C2A812E110089A5A2;
			productRefGroup = 63C875A62A812E110089A5A2 /* Products */;
			projectDirPath = "";
			projectRoot = "";
			targets = (
				63C875A42A812E110089A5A2 /* I Am Rich */,
			);
		};
/* End PBXProject section */

/* Begin PBXResourcesBuildPhase section */
		63C875A32A812E110089A5A2 /* Resources */ = {
			isa = PBXResourcesBuildPhase;
			buildActionMask = 2147483647;
			files = (
				63C875B02A812E120089A5A2 /* Preview Assets.xcassets in Resources */,
				63C875AD2A812E120089A5A2 /* Assets.xcassets in Resources */,
				63D8FB1E2A81B0AA00BCD60C /* keys.plist in Resources */,
			);
			runOnlyForDeploymentPostprocessing = 0;
		};
/* End PBXResourcesBuildPhase section */

/* Begin PBXSourcesBuildPhase section */
		63C875A12A812E110089A5A2 /* Sources */ = {
			isa = PBXSourcesBuildPhase;
			buildActionMask = 2147483647;
			files = (
				63D8FB1A2A818C0E00BCD60C /* NetworkManager.swift in Sources */,
				63D8FB262A828D6700BCD60C /* KeyManager.swift in Sources */,
				63D8FB212A81B33C00BCD60C /* DetailView.swift in Sources */,
				63C875AB2A812E110089A5A2 /* ContentView.swift in Sources */,
				63D8FB152A81876500BCD60C /* RandomDice.swift in Sources */,
				63C875BC2A81593B0089A5A2 /* InfoView.swift in Sources */,
				63D8FB172A81896C00BCD60C /* NewsView.swift in Sources */,
				63D8FB232A81B78100BCD60C /* WebView.swift in Sources */,
				63D8FB1C2A818DCB00BCD60C /* PostData.swift in Sources */,
				63C875A92A812E110089A5A2 /* I_Am_RichApp.swift in Sources */,
			);
			runOnlyForDeploymentPostprocessing = 0;
		};
/* End PBXSourcesBuildPhase section */

/* Begin XCBuildConfiguration section */
		63C875B12A812E120089A5A2 /* Debug */ = {
			isa = XCBuildConfiguration;
			buildSettings = {
				ALWAYS_SEARCH_USER_PATHS = NO;
				CLANG_ANALYZER_NONNULL = YES;
				CLANG_ANALYZER_NUMBER_OBJECT_CONVERSION = YES_AGGRESSIVE;
				CLANG_CXX_LANGUAGE_STANDARD = "gnu++20";
				CLANG_ENABLE_MODULES = YES;
				CLANG_ENABLE_OBJC_ARC = YES;
				CLANG_ENABLE_OBJC_WEAK = YES;
				CLANG_WARN_BLOCK_CAPTURE_AUTORELEASING = YES;
				CLANG_WARN_BOOL_CONVERSION = YES;
				CLANG_WARN_COMMA = YES;
				CLANG_WARN_CONSTANT_CONVERSION = YES;
				CLANG_WARN_DEPRECATED_OBJC_IMPLEMENTATIONS = YES;
				CLANG_WARN_DIRECT_OBJC_ISA_USAGE = YES_ERROR;
				CLANG_WARN_DOCUMENTATION_COMMENTS = YES;
				CLANG_WARN_EMPTY_BODY = YES;
				CLANG_WARN_ENUM_CONVERSION = YES;
				CLANG_WARN_INFINITE_RECURSION = YES;
				CLANG_WARN_INT_CONVERSION = YES;
				CLANG_WARN_NON_LITERAL_NULL_CONVERSION = YES;
				CLANG_WARN_OBJC_IMPLICIT_RETAIN_SELF = YES;
				CLANG_WARN_OBJC_LITERAL_CONVERSION = YES;
				CLANG_WARN_OBJC_ROOT_CLASS = YES_ERROR;
				CLANG_WARN_QUOTED_INCLUDE_IN_FRAMEWORK_HEADER = YES;
				CLANG_WARN_RANGE_LOOP_ANALYSIS = YES;
				CLANG_WARN_STRICT_PROTOTYPES = YES;
				CLANG_WARN_SUSPICIOUS_MOVE = YES;
				CLANG_WARN_UNGUARDED_AVAILABILITY = YES_AGGRESSIVE;
				CLANG_WARN_UNREACHABLE_CODE = YES;
				CLANG_WARN__DUPLICATE_METHOD_MATCH = YES;
				COPY_PHASE_STRIP = NO;
				DEBUG_INFORMATION_FORMAT = dwarf;
				ENABLE_STRICT_OBJC_MSGSEND = YES;
				ENABLE_TESTABILITY = YES;
				GCC_C_LANGUAGE_STANDARD = gnu11;
				GCC_DYNAMIC_NO_PIC = NO;
				GCC_NO_COMMON_BLOCKS = YES;
				GCC_OPTIMIZATION_LEVEL = 0;
				GCC_PREPROCESSOR_DEFINITIONS = (
					"DEBUG=1",
					"$(inherited)",
				);
				GCC_WARN_64_TO_32_BIT_CONVERSION = YES;
				GCC_WARN_ABOUT_RETURN_TYPE = YES_ERROR;
				GCC_WARN_UNDECLARED_SELECTOR = YES;
				GCC_WARN_UNINITIALIZED_AUTOS = YES_AGGRESSIVE;
				GCC_WARN_UNUSED_FUNCTION = YES;
				GCC_WARN_UNUSED_VARIABLE = YES;
				IPHONEOS_DEPLOYMENT_TARGET = 16.2;
				MTL_ENABLE_DEBUG_INFO = INCLUDE_SOURCE;
				MTL_FAST_MATH = YES;
				ONLY_ACTIVE_ARCH = YES;
				SDKROOT = iphoneos;
				SWIFT_ACTIVE_COMPILATION_CONDITIONS = DEBUG;
				SWIFT_OPTIMIZATION_LEVEL = "-Onone";
			};
			name = Debug;
		};
		63C875B22A812E120089A5A2 /* Release */ = {
			isa = XCBuildConfiguration;
			buildSettings = {
				ALWAYS_SEARCH_USER_PATHS = NO;
				CLANG_ANALYZER_NONNULL = YES;
				CLANG_ANALYZER_NUMBER_OBJECT_CONVERSION = YES_AGGRESSIVE;
				CLANG_CXX_LANGUAGE_STANDARD = "gnu++20";
				CLANG_ENABLE_MODULES = YES;
				CLANG_ENABLE_OBJC_ARC = YES;
				CLANG_ENABLE_OBJC_WEAK = YES;
				CLANG_WARN_BLOCK_CAPTURE_AUTORELEASING = YES;
				CLANG_WARN_BOOL_CONVERSION = YES;
				CLANG_WARN_COMMA = YES;
				CLANG_WARN_CONSTANT_CONVERSION = YES;
				CLANG_WARN_DEPRECATED_OBJC_IMPLEMENTATIONS = YES;
				CLANG_WARN_DIRECT_OBJC_ISA_USAGE = YES_ERROR;
				CLANG_WARN_DOCUMENTATION_COMMENTS = YES;
				CLANG_WARN_EMPTY_BODY = YES;
				CLANG_WARN_ENUM_CONVERSION = YES;
				CLANG_WARN_INFINITE_RECURSION = YES;
				CLANG_WARN_INT_CONVERSION = YES;
				CLANG_WARN_NON_LITERAL_NULL_CONVERSION = YES;
				CLANG_WARN_OBJC_IMPLICIT_RETAIN_SELF = YES;
				CLANG_WARN_OBJC_LITERAL_CONVERSION = YES;
				CLANG_WARN_OBJC_ROOT_CLASS = YES_ERROR;
				CLANG_WARN_QUOTED_INCLUDE_IN_FRAMEWORK_HEADER = YES;
				CLANG_WARN_RANGE_LOOP_ANALYSIS = YES;
				CLANG_WARN_STRICT_PROTOTYPES = YES;
				CLANG_WARN_SUSPICIOUS_MOVE = YES;
				CLANG_WARN_UNGUARDED_AVAILABILITY = YES_AGGRESSIVE;
				CLANG_WARN_UNREACHABLE_CODE = YES;
				CLANG_WARN__DUPLICATE_METHOD_MATCH = YES;
				COPY_PHASE_STRIP = NO;
				DEBUG_INFORMATION_FORMAT = "dwarf-with-dsym";
				ENABLE_NS_ASSERTIONS = NO;
				ENABLE_STRICT_OBJC_MSGSEND = YES;
				GCC_C_LANGUAGE_STANDARD = gnu11;
				GCC_NO_COMMON_BLOCKS = YES;
				GCC_WARN_64_TO_32_BIT_CONVERSION = YES;
				GCC_WARN_ABOUT_RETURN_TYPE = YES_ERROR;
				GCC_WARN_UNDECLARED_SELECTOR = YES;
				GCC_WARN_UNINITIALIZED_AUTOS = YES_AGGRESSIVE;
				GCC_WARN_UNUSED_FUNCTION = YES;
				GCC_WARN_UNUSED_VARIABLE = YES;
				IPHONEOS_DEPLOYMENT_TARGET = 16.2;
				MTL_ENABLE_DEBUG_INFO = NO;
				MTL_FAST_MATH = YES;
				SDKROOT = iphoneos;
				SWIFT_COMPILATION_MODE = wholemodule;
				SWIFT_OPTIMIZATION_LEVEL = "-O";
				VALIDATE_PRODUCT = YES;
			};
			name = Release;
		};
		63C875B42A812E120089A5A2 /* Debug */ = {
			isa = XCBuildConfiguration;
			buildSettings = {
				ASSETCATALOG_COMPILER_APPICON_NAME = AppIcon;
				ASSETCATALOG_COMPILER_GLOBAL_ACCENT_COLOR_NAME = AccentColor;
				CODE_SIGN_STYLE = Automatic;
				CURRENT_PROJECT_VERSION = 1;
				DEVELOPMENT_ASSET_PATHS = "\"I Am Rich/Preview Content\"";
				DEVELOPMENT_TEAM = TQ8VA53L5C;
				ENABLE_PREVIEWS = YES;
				GENERATE_INFOPLIST_FILE = YES;
				INFOPLIST_KEY_UIApplicationSceneManifest_Generation = YES;
				INFOPLIST_KEY_UIApplicationSupportsIndirectInputEvents = YES;
				INFOPLIST_KEY_UILaunchScreen_Generation = YES;
				INFOPLIST_KEY_UIStatusBarStyle = "";
				INFOPLIST_KEY_UISupportedInterfaceOrientations_iPad = "UIInterfaceOrientationPortrait UIInterfaceOrientationPortraitUpsideDown UIInterfaceOrientationLandscapeLeft UIInterfaceOrientationLandscapeRight";
				INFOPLIST_KEY_UISupportedInterfaceOrientations_iPhone = "UIInterfaceOrientationPortrait UIInterfaceOrientationLandscapeLeft UIInterfaceOrientationLandscapeRight";
				LD_RUNPATH_SEARCH_PATHS = (
					"$(inherited)",
					"@executable_path/Frameworks",
				);
				MARKETING_VERSION = 1.0;
				PRODUCT_BUNDLE_IDENTIFIER = "xyz.dongguo.I-Am-Rich";
				PRODUCT_NAME = "$(TARGET_NAME)";
				SWIFT_EMIT_LOC_STRINGS = YES;
				SWIFT_VERSION = 5.0;
				TARGETED_DEVICE_FAMILY = 1;
			};
			name = Debug;
		};
		63C875B52A812E120089A5A2 /* Release */ = {
			isa = XCBuildConfiguration;
			buildSettings = {
				ASSETCATALOG_COMPILER_APPICON_NAME = AppIcon;
				ASSETCATALOG_COMPILER_GLOBAL_ACCENT_COLOR_NAME = AccentColor;
				CODE_SIGN_STYLE = Automatic;
				CURRENT_PROJECT_VERSION = 1;
				DEVELOPMENT_ASSET_PATHS = "\"I Am Rich/Preview Content\"";
				DEVELOPMENT_TEAM = TQ8VA53L5C;
				ENABLE_PREVIEWS = YES;
				GENERATE_INFOPLIST_FILE = YES;
				INFOPLIST_KEY_UIApplicationSceneManifest_Generation = YES;
				INFOPLIST_KEY_UIApplicationSupportsIndirectInputEvents = YES;
				INFOPLIST_KEY_UILaunchScreen_Generation = YES;
				INFOPLIST_KEY_UIStatusBarStyle = "";
				INFOPLIST_KEY_UISupportedInterfaceOrientations_iPad = "UIInterfaceOrientationPortrait UIInterfaceOrientationPortraitUpsideDown UIInterfaceOrientationLandscapeLeft UIInterfaceOrientationLandscapeRight";
				INFOPLIST_KEY_UISupportedInterfaceOrientations_iPhone = "UIInterfaceOrientationPortrait UIInterfaceOrientationLandscapeLeft UIInterfaceOrientationLandscapeRight";
				LD_RUNPATH_SEARCH_PATHS = (
					"$(inherited)",
					"@executable_path/Frameworks",
				);
				MARKETING_VERSION = 1.0;
				PRODUCT_BUNDLE_IDENTIFIER = "xyz.dongguo.I-Am-Rich";
				PRODUCT_NAME = "$(TARGET_NAME)";
				SWIFT_EMIT_LOC_STRINGS = YES;
				SWIFT_VERSION = 5.0;
				TARGETED_DEVICE_FAMILY = 1;
			};
			name = Release;
		};
/* End XCBuildConfiguration section */

/* Begin XCConfigurationList section */
		63C875A02A812E110089A5A2 /* Build configuration list for PBXProject "I Am Rich" */ = {
			isa = XCConfigurationList;
			buildConfigurations = (
				63C875B12A812E120089A5A2 /* Debug */,
				63C875B22A812E120089A5A2 /* Release */,
			);
			defaultConfigurationIsVisible = 0;
			defaultConfigurationName = Release;
		};
		63C875B32A812E120089A5A2 /* Build configuration list for PBXNativeTarget "I Am Rich" */ = {
			isa = XCConfigurationList;
			buildConfigurations = (
				63C875B42A812E120089A5A2 /* Debug */,
				63C875B52A812E120089A5A2 /* Release */,
			);
			defaultConfigurationIsVisible = 0;
			defaultConfigurationName = Release;
		};
/* End XCConfigurationList section */
	};
	rootObject = 63C8759D2A812E110089A5A2 /* Project object */;
}
